
Microsoft Visual Studio Solution File, Format Version 12.00
# Visual Studio Version 17
VisualStudioVersion = 17.14.37203.1 d17.14
MinimumVisualStudioVersion = 10.0.40219.1
Project("{FAE04EC0-301F-11D3-BF4B-00C04F79EFBC}") = "LinyPocitacFaktorialu", "LinyPocitacFaktorialu\LinyPocitacFaktorialu.csproj", "{52034D8C-235E-491A-AE6C-F3AD8886EED9}"
EndProject
Global
	GlobalSection(SolutionConfigurationPlatforms) = preSolution
		Debug|Any CPU = Debug|Any CPU
		Release|Any CPU = Release|Any CPU
	EndGlobalSection
	GlobalSection(ProjectConfigurationPlatforms) = postSolution
		{52034D8C-235E-491A-AE6C-F3AD8886EED9}.Debug|Any CPU.ActiveCfg = Debug|Any CPU
		{52034D8C-235E-491A-AE6C-F3AD8886EED9}.Debug|Any CPU.Build.0 = Debug|Any CPU
		{52034D8C-235E-491A-AE6C-F3AD8886EED9}.Release|Any CPU.ActiveCfg = Release|Any CPU
		{52034D8C-235E-491A-AE6C-F3AD8886EED9}.Release|Any CPU.Build.0 = Release|Any CPU
	EndGlobalSection
	GlobalSection(SolutionProperties) = preSolution
		HideSolutionNode = FALSE
	EndGlobalSection
	GlobalSection(ExtensibilityGlobals) = postSolution
		SolutionGuid = {A0427CA0-398D-4865-BDEE-6E8A2EAC3736}
	EndGlobalSection
EndGlobal
